<?xml version="1.0" encoding="utf-8"?>
<Project ToolsVersion="4.0" xmlns="http://schemas.microsoft.com/developer/msbuild/2003">
  <ItemGroup>
    <Filter Include="Main">
      <UniqueIdentifier>{dd8a5b9a-d35c-4293-ae25-9104722fa7c4}</UniqueIdentifier>
    </Filter>
    <Filter Include="Modules">
      <UniqueIdentifier>{23377a55-9ddc-4add-8420-d96f76247eb7}</UniqueIdentifier>
    </Filter>
    <Filter Include="Tools">
      <UniqueIdentifier>{7004c66c-49f1-4711-b283-b12ac68125f6}</UniqueIdentifier>
    </Filter>
    <Filter Include="External">
      <UniqueIdentifier>{901f0a0e-85e2-4c21-8d3e-65d5c935c4cd}</UniqueIdentifier>
    </Filter>
    <Filter Include="External\imGui">
      <UniqueIdentifier>{29096ca1-607f-46ba-bb92-38990c33a016}</UniqueIdentifier>
    </Filter>
    <Filter Include="External\imGui\backends">
      <UniqueIdentifier>{df53b422-83f7-4b25-a7d5-cc03e42d79d5}</UniqueIdentifier>
    </Filter>
    <Filter Include="External\SDL">
      <UniqueIdentifier>{6580ef54-edff-4dd7-a14a-cb74e155cc4b}</UniqueIdentifier>
    </Filter>
    <Filter Include="Particles">
      <UniqueIdentifier>{f114272c-a282-4f30-9e1e-52318ccc61f7}</UniqueIdentifier>
    </Filter>
  </ItemGroup>
  <ItemGroup>
    <ClCompile Include="Source Code\Application.cpp">
      <Filter>Main</Filter>
    </ClCompile>
    <ClCompile Include="Source Code\Main.cpp">
      <Filter>Main</Filter>
    </ClCompile>
    <ClCompile Include="Source Code\ModuleCamera3D.cpp">
      <Filter>Modules</Filter>
    </ClCompile>
    <ClCompile Include="Source Code\ModuleGui.cpp">
      <Filter>Modules</Filter>
    </ClCompile>
    <ClCompile Include="Source Code\ModuleInput.cpp">
      <Filter>Modules</Filter>
    </ClCompile>
    <ClCompile Include="Source Code\ModuleRenderer3D.cpp">
      <Filter>Modules</Filter>
    </ClCompile>
    <ClCompile Include="Source Code\ModuleWindow.cpp">
      <Filter>Modules</Filter>
    </ClCompile>
    <ClCompile Include="Source Code\Color.cpp">
      <Filter>Tools</Filter>
    </ClCompile>
    <ClCompile Include="Source Code\Light.cpp">
      <Filter>Tools</Filter>
    </ClCompile>
    <ClCompile Include="Source Code\log.cpp">
      <Filter>Tools</Filter>
    </ClCompile>
    <ClCompile Include="Source Code\Primitive.cpp">
      <Filter>Tools</Filter>
    </ClCompile>
    <ClCompile Include="Source Code\Timer.cpp">
      <Filter>Tools</Filter>
    </ClCompile>
    <ClCompile Include="Source Code\Externals\imGui\imgui.cpp">
      <Filter>External\imGui</Filter>
    </ClCompile>
    <ClCompile Include="Source Code\Externals\imGui\imgui_demo.cpp">
      <Filter>External\imGui</Filter>
    </ClCompile>
    <ClCompile Include="Source Code\Externals\imGui\imgui_draw.cpp">
      <Filter>External\imGui</Filter>
    </ClCompile>
    <ClCompile Include="Source Code\Externals\imGui\imgui_tables.cpp">
      <Filter>External\imGui</Filter>
    </ClCompile>
    <ClCompile Include="Source Code\Externals\imGui\imgui_widgets.cpp">
      <Filter>External\imGui</Filter>
    </ClCompile>
    <ClCompile Include="Source Code\Externals\imGui\backends\imgui_impl_opengl3.cpp">
      <Filter>External\imGui\backends</Filter>
    </ClCompile>
    <ClCompile Include="Source Code\Externals\imGui\backends\imgui_impl_sdl.cpp">
      <Filter>External\imGui\backends</Filter>
    </ClCompile>
    <ClCompile Include="Source Code\Emitter.cpp">
      <Filter>Particles</Filter>
    </ClCompile>
    <ClCompile Include="Source Code\Random.cpp">
      <Filter>Tools</Filter>
    </ClCompile>
    <ClCompile Include="Source Code\ModuleParticleSystem.cpp">
      <Filter>Particles</Filter>
    </ClCompile>
    <ClCompile Include="Source Code\ModuleTexture.cpp">
      <Filter>Modules</Filter>
    </ClCompile>
  </ItemGroup>
  <ItemGroup>
    <ClInclude Include="Source Code\Application.h">
      <Filter>Main</Filter>
    </ClInclude>
    <ClInclude Include="Source Code\Globals.h">
      <Filter>Main</Filter>
    </ClInclude>
    <ClInclude Include="Source Code\MemLeaks.h">
      <Filter>Main</Filter>
    </ClInclude>
    <ClInclude Include="Source Code\Module.h">
      <Filter>Modules</Filter>
    </ClInclude>
    <ClInclude Include="Source Code\ModuleCamera3D.h">
      <Filter>Modules</Filter>
    </ClInclude>
    <ClInclude Include="Source Code\ModuleGui.h">
      <Filter>Modules</Filter>
    </ClInclude>
    <ClInclude Include="Source Code\ModuleInput.h">
      <Filter>Modules</Filter>
    </ClInclude>
    <ClInclude Include="Source Code\ModuleRenderer3D.h">
      <Filter>Modules</Filter>
    </ClInclude>
    <ClInclude Include="Source Code\ModuleWindow.h">
      <Filter>Modules</Filter>
    </ClInclude>
    <ClInclude Include="Source Code\Color.h">
      <Filter>Tools</Filter>
    </ClInclude>
    <ClInclude Include="Source Code\Light.h">
      <Filter>Tools</Filter>
    </ClInclude>
    <ClInclude Include="Source Code\p2DynArray.h">
      <Filter>Tools</Filter>
    </ClInclude>
    <ClInclude Include="Source Code\p2List.h">
      <Filter>Tools</Filter>
    </ClInclude>
    <ClInclude Include="Source Code\p2Point.h">
      <Filter>Tools</Filter>
    </ClInclude>
    <ClInclude Include="Source Code\Primitive.h">
      <Filter>Tools</Filter>
    </ClInclude>
    <ClInclude Include="Source Code\Timer.h">
      <Filter>Tools</Filter>
    </ClInclude>
    <ClInclude Include="Source Code\Externals\imGui\imconfig.h">
      <Filter>External\imGui</Filter>
    </ClInclude>
    <ClInclude Include="Source Code\Externals\imGui\imgui.h">
      <Filter>External\imGui</Filter>
    </ClInclude>
    <ClInclude Include="Source Code\Externals\imGui\imgui_internal.h">
      <Filter>External\imGui</Filter>
    </ClInclude>
    <ClInclude Include="Source Code\Externals\imGui\imstb_rectpack.h">
      <Filter>External\imGui</Filter>
    </ClInclude>
    <ClInclude Include="Source Code\Externals\imGui\imstb_textedit.h">
      <Filter>External\imGui</Filter>
    </ClInclude>
    <ClInclude Include="Source Code\Externals\imGui\imstb_truetype.h">
      <Filter>External\imGui</Filter>
    </ClInclude>
    <ClInclude Include="Source Code\Externals\imGui\backends\imgui_impl_opengl3.h">
      <Filter>External\imGui\backends</Filter>
    </ClInclude>
    <ClInclude Include="Source Code\Externals\imGui\backends\imgui_impl_opengl3_loader.h">
      <Filter>External\imGui\backends</Filter>
    </ClInclude>
    <ClInclude Include="Source Code\Externals\imGui\backends\imgui_impl_sdl.h">
      <Filter>External\imGui\backends</Filter>
    </ClInclude>
    <ClInclude Include="Source Code\Externals\SDL\include\begin_code.h">
      <Filter>External\SDL</Filter>
    </ClInclude>
    <ClInclude Include="Source Code\Externals\SDL\include\close_code.h">
      <Filter>External\SDL</Filter>
    </ClInclude>
    <ClInclude Include="Source Code\Externals\SDL\include\SDL.h">
      <Filter>External\SDL</Filter>
    </ClInclude>
    <ClInclude Include="Source Code\Externals\SDL\include\SDL_assert.h">
      <Filter>External\SDL</Filter>
    </ClInclude>
    <ClInclude Include="Source Code\Externals\SDL\include\SDL_atomic.h">
      <Filter>External\SDL</Filter>
    </ClInclude>
    <ClInclude Include="Source Code\Externals\SDL\include\SDL_audio.h">
      <Filter>External\SDL</Filter>
    </ClInclude>
    <ClInclude Include="Source Code\Externals\SDL\include\SDL_bits.h">
      <Filter>External\SDL</Filter>
    </ClInclude>
    <ClInclude Include="Source Code\Externals\SDL\include\SDL_blendmode.h">
      <Filter>External\SDL</Filter>
    </ClInclude>
    <ClInclude Include="Source Code\Externals\SDL\include\SDL_clipboard.h">
      <Filter>External\SDL</Filter>
    </ClInclude>
    <ClInclude Include="Source Code\Externals\SDL\include\SDL_config.h">
      <Filter>External\SDL</Filter>
    </ClInclude>
    <ClInclude Include="Source Code\Externals\SDL\include\SDL_copying.h">
      <Filter>External\SDL</Filter>
    </ClInclude>
    <ClInclude Include="Source Code\Externals\SDL\include\SDL_cpuinfo.h">
      <Filter>External\SDL</Filter>
    </ClInclude>
    <ClInclude Include="Source Code\Externals\SDL\include\SDL_egl.h">
      <Filter>External\SDL</Filter>
    </ClInclude>
    <ClInclude Include="Source Code\Externals\SDL\include\SDL_endian.h">
      <Filter>External\SDL</Filter>
    </ClInclude>
    <ClInclude Include="Source Code\Externals\SDL\include\SDL_error.h">
      <Filter>External\SDL</Filter>
    </ClInclude>
    <ClInclude Include="Source Code\Externals\SDL\include\SDL_events.h">
      <Filter>External\SDL</Filter>
    </ClInclude>
    <ClInclude Include="Source Code\Externals\SDL\include\SDL_filesystem.h">
      <Filter>External\SDL</Filter>
    </ClInclude>
    <ClInclude Include="Source Code\Externals\SDL\include\SDL_gamecontroller.h">
      <Filter>External\SDL</Filter>
    </ClInclude>
    <ClInclude Include="Source Code\Externals\SDL\include\SDL_gesture.h">
      <Filter>External\SDL</Filter>
    </ClInclude>
    <ClInclude Include="Source Code\Externals\SDL\include\SDL_guid.h">
      <Filter>External\SDL</Filter>
    </ClInclude>
    <ClInclude Include="Source Code\Externals\SDL\include\SDL_haptic.h">
      <Filter>External\SDL</Filter>
    </ClInclude>
    <ClInclude Include="Source Code\Externals\SDL\include\SDL_hidapi.h">
      <Filter>External\SDL</Filter>
    </ClInclude>
    <ClInclude Include="Source Code\Externals\SDL\include\SDL_hints.h">
      <Filter>External\SDL</Filter>
    </ClInclude>
    <ClInclude Include="Source Code\Externals\SDL\include\SDL_joystick.h">
      <Filter>External\SDL</Filter>
    </ClInclude>
    <ClInclude Include="Source Code\Externals\SDL\include\SDL_keyboard.h">
      <Filter>External\SDL</Filter>
    </ClInclude>
    <ClInclude Include="Source Code\Externals\SDL\include\SDL_keycode.h">
      <Filter>External\SDL</Filter>
    </ClInclude>
    <ClInclude Include="Source Code\Externals\SDL\include\SDL_loadso.h">
      <Filter>External\SDL</Filter>
    </ClInclude>
    <ClInclude Include="Source Code\Externals\SDL\include\SDL_locale.h">
      <Filter>External\SDL</Filter>
    </ClInclude>
    <ClInclude Include="Source Code\Externals\SDL\include\SDL_log.h">
      <Filter>External\SDL</Filter>
    </ClInclude>
    <ClInclude Include="Source Code\Externals\SDL\include\SDL_main.h">
      <Filter>External\SDL</Filter>
    </ClInclude>
    <ClInclude Include="Source Code\Externals\SDL\include\SDL_messagebox.h">
      <Filter>External\SDL</Filter>
    </ClInclude>
    <ClInclude Include="Source Code\Externals\SDL\include\SDL_metal.h">
      <Filter>External\SDL</Filter>
    </ClInclude>
    <ClInclude Include="Source Code\Externals\SDL\include\SDL_misc.h">
      <Filter>External\SDL</Filter>
    </ClInclude>
    <ClInclude Include="Source Code\Externals\SDL\include\SDL_mouse.h">
      <Filter>External\SDL</Filter>
    </ClInclude>
    <ClInclude Include="Source Code\Externals\SDL\include\SDL_mutex.h">
      <Filter>External\SDL</Filter>
    </ClInclude>
    <ClInclude Include="Source Code\Externals\SDL\include\SDL_name.h">
      <Filter>External\SDL</Filter>
    </ClInclude>
    <ClInclude Include="Source Code\Externals\SDL\include\SDL_opengl.h">
      <Filter>External\SDL</Filter>
    </ClInclude>
    <ClInclude Include="Source Code\Externals\SDL\include\SDL_opengl_glext.h">
      <Filter>External\SDL</Filter>
    </ClInclude>
    <ClInclude Include="Source Code\Externals\SDL\include\SDL_opengles.h">
      <Filter>External\SDL</Filter>
    </ClInclude>
    <ClInclude Include="Source Code\Externals\SDL\include\SDL_opengles2.h">
      <Filter>External\SDL</Filter>
    </ClInclude>
    <ClInclude Include="Source Code\Externals\SDL\include\SDL_opengles2_gl2.h">
      <Filter>External\SDL</Filter>
    </ClInclude>
    <ClInclude Include="Source Code\Externals\SDL\include\SDL_opengles2_gl2ext.h">
      <Filter>External\SDL</Filter>
    </ClInclude>
    <ClInclude Include="Source Code\Externals\SDL\include\SDL_opengles2_gl2platform.h">
      <Filter>External\SDL</Filter>
    </ClInclude>
    <ClInclude Include="Source Code\Externals\SDL\include\SDL_opengles2_khrplatform.h">
      <Filter>External\SDL</Filter>
    </ClInclude>
    <ClInclude Include="Source Code\Externals\SDL\include\SDL_pixels.h">
      <Filter>External\SDL</Filter>
    </ClInclude>
    <ClInclude Include="Source Code\Externals\SDL\include\SDL_platform.h">
      <Filter>External\SDL</Filter>
    </ClInclude>
    <ClInclude Include="Source Code\Externals\SDL\include\SDL_power.h">
      <Filter>External\SDL</Filter>
    </ClInclude>
    <ClInclude Include="Source Code\Externals\SDL\include\SDL_quit.h">
      <Filter>External\SDL</Filter>
    </ClInclude>
    <ClInclude Include="Source Code\Externals\SDL\include\SDL_rect.h">
      <Filter>External\SDL</Filter>
    </ClInclude>
    <ClInclude Include="Source Code\Externals\SDL\include\SDL_render.h">
      <Filter>External\SDL</Filter>
    </ClInclude>
    <ClInclude Include="Source Code\Externals\SDL\include\SDL_revision.h">
      <Filter>External\SDL</Filter>
    </ClInclude>
    <ClInclude Include="Source Code\Externals\SDL\include\SDL_rwops.h">
      <Filter>External\SDL</Filter>
    </ClInclude>
    <ClInclude Include="Source Code\Externals\SDL\include\SDL_scancode.h">
      <Filter>External\SDL</Filter>
    </ClInclude>
    <ClInclude Include="Source Code\Externals\SDL\include\SDL_sensor.h">
      <Filter>External\SDL</Filter>
    </ClInclude>
    <ClInclude Include="Source Code\Externals\SDL\include\SDL_shape.h">
      <Filter>External\SDL</Filter>
    </ClInclude>
    <ClInclude Include="Source Code\Externals\SDL\include\SDL_stdinc.h">
      <Filter>External\SDL</Filter>
    </ClInclude>
    <ClInclude Include="Source Code\Externals\SDL\include\SDL_surface.h">
      <Filter>External\SDL</Filter>
    </ClInclude>
    <ClInclude Include="Source Code\Externals\SDL\include\SDL_system.h">
      <Filter>External\SDL</Filter>
    </ClInclude>
    <ClInclude Include="Source Code\Externals\SDL\include\SDL_syswm.h">
      <Filter>External\SDL</Filter>
    </ClInclude>
    <ClInclude Include="Source Code\Externals\SDL\include\SDL_test.h">
      <Filter>External\SDL</Filter>
    </ClInclude>
    <ClInclude Include="Source Code\Externals\SDL\include\SDL_test_assert.h">
      <Filter>External\SDL</Filter>
    </ClInclude>
    <ClInclude Include="Source Code\Externals\SDL\include\SDL_test_common.h">
      <Filter>External\SDL</Filter>
    </ClInclude>
    <ClInclude Include="Source Code\Externals\SDL\include\SDL_test_compare.h">
      <Filter>External\SDL</Filter>
    </ClInclude>
    <ClInclude Include="Source Code\Externals\SDL\include\SDL_test_crc32.h">
      <Filter>External\SDL</Filter>
    </ClInclude>
    <ClInclude Include="Source Code\Externals\SDL\include\SDL_test_font.h">
      <Filter>External\SDL</Filter>
    </ClInclude>
    <ClInclude Include="Source Code\Externals\SDL\include\SDL_test_fuzzer.h">
      <Filter>External\SDL</Filter>
    </ClInclude>
    <ClInclude Include="Source Code\Externals\SDL\include\SDL_test_harness.h">
      <Filter>External\SDL</Filter>
    </ClInclude>
    <ClInclude Include="Source Code\Externals\SDL\include\SDL_test_images.h">
      <Filter>External\SDL</Filter>
    </ClInclude>
    <ClInclude Include="Source Code\Externals\SDL\include\SDL_test_log.h">
      <Filter>External\SDL</Filter>
    </ClInclude>
    <ClInclude Include="Source Code\Externals\SDL\include\SDL_test_md5.h">
      <Filter>External\SDL</Filter>
    </ClInclude>
    <ClInclude Include="Source Code\Externals\SDL\include\SDL_test_memory.h">
      <Filter>External\SDL</Filter>
    </ClInclude>
    <ClInclude Include="Source Code\Externals\SDL\include\SDL_test_random.h">
      <Filter>External\SDL</Filter>
    </ClInclude>
    <ClInclude Include="Source Code\Externals\SDL\include\SDL_thread.h">
      <Filter>External\SDL</Filter>
    </ClInclude>
    <ClInclude Include="Source Code\Externals\SDL\include\SDL_timer.h">
      <Filter>External\SDL</Filter>
    </ClInclude>
    <ClInclude Include="Source Code\Externals\SDL\include\SDL_touch.h">
      <Filter>External\SDL</Filter>
    </ClInclude>
    <ClInclude Include="Source Code\Externals\SDL\include\SDL_types.h">
      <Filter>External\SDL</Filter>
    </ClInclude>
    <ClInclude Include="Source Code\Externals\SDL\include\SDL_version.h">
      <Filter>External\SDL</Filter>
    </ClInclude>
    <ClInclude Include="Source Code\Externals\SDL\include\SDL_video.h">
      <Filter>External\SDL</Filter>
    </ClInclude>
    <ClInclude Include="Source Code\Externals\SDL\include\SDL_vulkan.h">
      <Filter>External\SDL</Filter>
    </ClInclude>
    <ClInclude Include="Source Code\Emitter.h">
      <Filter>Particles</Filter>
    </ClInclude>
    <ClInclude Include="Source Code\Random.h">
      <Filter>Tools</Filter>
    </ClInclude>
    <ClInclude Include="Source Code\ModuleParticleSystem.h">
      <Filter>Particles</Filter>
    </ClInclude>
    <ClInclude Include="Source Code\ModuleTexture.h">
      <Filter>Modules</Filter>
    </ClInclude>
  </ItemGroup>
</Project>